
Microsoft Visual Studio Solution File, Format Version 12.00
# Visual Studio Version 16
VisualStudioVersion = 16.0.30204.135
MinimumVisualStudioVersion = 10.0.40219.1
Project("{FAE04EC0-301F-11D3-BF4B-00C04F79EFBC}") = "JutSu", "JutSu.csproj", "{20B32C64-5E8D-4E26-ABE3-BE6D7820C6B5}"
EndProject
Global
	GlobalSection(SolutionConfigurationPlatforms) = preSolution
		Debug|Any CPU = Debug|Any CPU
		Release|Any CPU = Release|Any CPU
	EndGlobalSection
	GlobalSection(ProjectConfigurationPlatforms) = postSolution
		{20B32C64-5E8D-4E26-ABE3-BE6D7820C6B5}.Debug|Any CPU.ActiveCfg = Debug|Any CPU
		{20B32C64-5E8D-4E26-ABE3-BE6D7820C6B5}.Debug|Any CPU.Build.0 = Debug|Any CPU
		{20B32C64-5E8D-4E26-ABE3-BE6D7820C6B5}.Release|Any CPU.ActiveCfg = Release|Any CPU
		{20B32C64-5E8D-4E26-ABE3-BE6D7820C6B5}.Release|Any CPU.Build.0 = Release|Any CPU
	EndGlobalSection
	GlobalSection(SolutionProperties) = preSolution
		HideSolutionNode = FALSE
	EndGlobalSection
	GlobalSection(ExtensibilityGlobals) = postSolution
		SolutionGuid = {EA0C9251-32B9-4CBB-8629-31C316F9F809}
	EndGlobalSection
EndGlobal
